// !$*UTF8*$!
{
	archiveVersion = 1;
	classes = {
	};
	objectVersion = 46;
	objects = {

/* Begin PBXBuildFile section */
		BD0FEBA11CFC3400005AC9F0 /* WindmillTextView.swift in Sources */ = {isa = PBXBuildFile; fileRef = BD0FEBA01CFC3400005AC9F0 /* WindmillTextView.swift */; };
		BD18F4B81DC0B03A00CD596B /* LoginViewController.swift in Sources */ = {isa = PBXBuildFile; fileRef = BD18F4B71DC0B03A00CD596B /* LoginViewController.swift */; };
		BD20D5351DC78E1E0016C891 /* WindmillTableViewDelegate.swift in Sources */ = {isa = PBXBuildFile; fileRef = BD20D5341DC78E1E0016C891 /* WindmillTableViewDelegate.swift */; };
		BD4B00D11F0E30AE004025F3 /* Alamofire.framework in Frameworks */ = {isa = PBXBuildFile; fileRef = BD4B00D01F0E305D004025F3 /* Alamofire.framework */; };
		BD52291F1CFB25D30069C831 /* Windmill.swift in Sources */ = {isa = PBXBuildFile; fileRef = BD52291E1CFB25D30069C831 /* Windmill.swift */; };
		BD5229231CFB26AC0069C831 /* WindmillTableViewDataSource.swift in Sources */ = {isa = PBXBuildFile; fileRef = BD5229221CFB26AC0069C831 /* WindmillTableViewDataSource.swift */; };
		BD5229251CFB26DF0069C831 /* WindmillTableViewCell.xib in Resources */ = {isa = PBXBuildFile; fileRef = BD5229241CFB26DF0069C831 /* WindmillTableViewCell.xib */; };
		BD5229271CFB27A50069C831 /* WindmillTableViewCell.swift in Sources */ = {isa = PBXBuildFile; fileRef = BD5229261CFB27A50069C831 /* WindmillTableViewCell.swift */; };
		BD5229291CFB4B1D0069C831 /* AccountResource.swift in Sources */ = {isa = PBXBuildFile; fileRef = BD5229281CFB4B1D0069C831 /* AccountResource.swift */; };
		BDA2D1481F0E26A1004EE03D /* Device.swift in Sources */ = {isa = PBXBuildFile; fileRef = BDA2D1471F0E26A1004EE03D /* Device.swift */; };
		BDA2D14A1F0E2791004EE03D /* UIAlertController+Windmill.swift in Sources */ = {isa = PBXBuildFile; fileRef = BDA2D1491F0E2791004EE03D /* UIAlertController+Windmill.swift */; };
		BDA2D1521F0E2959004EE03D /* AccountResourceTest.swift in Sources */ = {isa = PBXBuildFile; fileRef = BDA2D1511F0E2959004EE03D /* AccountResourceTest.swift */; };
		BDCF33A11F0E7E4100B3EA53 /* Alamofire.framework in Frameworks */ = {isa = PBXBuildFile; fileRef = BD4B00D01F0E305D004025F3 /* Alamofire.framework */; };
		BDCF33A21F0E7F4000B3EA53 /* Alamofire.framework in Frameworks */ = {isa = PBXBuildFile; fileRef = BD4B00D01F0E305D004025F3 /* Alamofire.framework */; };
		BDD1E96B1CDA92DB00976074 /* AppDelegate.swift in Sources */ = {isa = PBXBuildFile; fileRef = BDD1E96A1CDA92DB00976074 /* AppDelegate.swift */; };
		BDD1E96D1CDA92DB00976074 /* ViewController.swift in Sources */ = {isa = PBXBuildFile; fileRef = BDD1E96C1CDA92DB00976074 /* ViewController.swift */; };
		BDD1E9701CDA92DB00976074 /* Main.storyboard in Resources */ = {isa = PBXBuildFile; fileRef = BDD1E96E1CDA92DB00976074 /* Main.storyboard */; };
		BDD1E9721CDA92DB00976074 /* Assets.xcassets in Resources */ = {isa = PBXBuildFile; fileRef = BDD1E9711CDA92DB00976074 /* Assets.xcassets */; };
		BDD1E9751CDA92DB00976074 /* LaunchScreen.storyboard in Resources */ = {isa = PBXBuildFile; fileRef = BDD1E9731CDA92DB00976074 /* LaunchScreen.storyboard */; };
		BDD1E9801CDA92DB00976074 /* windmillTests.swift in Sources */ = {isa = PBXBuildFile; fileRef = BDD1E97F1CDA92DB00976074 /* windmillTests.swift */; };
/* End PBXBuildFile section */

/* Begin PBXContainerItemProxy section */
		BDA2D1541F0E2959004EE03D /* PBXContainerItemProxy */ = {
			isa = PBXContainerItemProxy;
			containerPortal = BDD1E95F1CDA92DB00976074 /* Project object */;
			proxyType = 1;
			remoteGlobalIDString = BDD1E9661CDA92DB00976074;
			remoteInfo = windmill;
		};
		BDD1E97C1CDA92DB00976074 /* PBXContainerItemProxy */ = {
			isa = PBXContainerItemProxy;
			containerPortal = BDD1E95F1CDA92DB00976074 /* Project object */;
			proxyType = 1;
			remoteGlobalIDString = BDD1E9661CDA92DB00976074;
			remoteInfo = windmill;
		};
/* End PBXContainerItemProxy section */

/* Begin PBXFileReference section */
		BD0FEBA01CFC3400005AC9F0 /* WindmillTextView.swift */ = {isa = PBXFileReference; fileEncoding = 4; lastKnownFileType = sourcecode.swift; path = WindmillTextView.swift; sourceTree = "<group>"; };
		BD18F4B61DBF60AE00CD596B /* windmill.entitlements */ = {isa = PBXFileReference; lastKnownFileType = text.plist.entitlements; path = windmill.entitlements; sourceTree = "<group>"; };
		BD18F4B71DC0B03A00CD596B /* LoginViewController.swift */ = {isa = PBXFileReference; fileEncoding = 4; lastKnownFileType = sourcecode.swift; path = LoginViewController.swift; sourceTree = "<group>"; };
		BD20D5341DC78E1E0016C891 /* WindmillTableViewDelegate.swift */ = {isa = PBXFileReference; fileEncoding = 4; lastKnownFileType = sourcecode.swift; path = WindmillTableViewDelegate.swift; sourceTree = "<group>"; };
		BD4B00D01F0E305D004025F3 /* Alamofire.framework */ = {isa = PBXFileReference; lastKnownFileType = wrapper.framework; name = Alamofire.framework; path = Carthage/Build/iOS/Alamofire.framework; sourceTree = "<group>"; };
		BD52291E1CFB25D30069C831 /* Windmill.swift */ = {isa = PBXFileReference; fileEncoding = 4; lastKnownFileType = sourcecode.swift; path = Windmill.swift; sourceTree = "<group>"; };
		BD5229221CFB26AC0069C831 /* WindmillTableViewDataSource.swift */ = {isa = PBXFileReference; fileEncoding = 4; lastKnownFileType = sourcecode.swift; path = WindmillTableViewDataSource.swift; sourceTree = "<group>"; };
		BD5229241CFB26DF0069C831 /* WindmillTableViewCell.xib */ = {isa = PBXFileReference; fileEncoding = 4; lastKnownFileType = file.xib; path = WindmillTableViewCell.xib; sourceTree = "<group>"; };
		BD5229261CFB27A50069C831 /* WindmillTableViewCell.swift */ = {isa = PBXFileReference; fileEncoding = 4; lastKnownFileType = sourcecode.swift; path = WindmillTableViewCell.swift; sourceTree = "<group>"; };
		BD5229281CFB4B1D0069C831 /* AccountResource.swift */ = {isa = PBXFileReference; fileEncoding = 4; lastKnownFileType = sourcecode.swift; path = AccountResource.swift; sourceTree = "<group>"; };
		BDA2D1471F0E26A1004EE03D /* Device.swift */ = {isa = PBXFileReference; lastKnownFileType = sourcecode.swift; path = Device.swift; sourceTree = "<group>"; };
		BDA2D1491F0E2791004EE03D /* UIAlertController+Windmill.swift */ = {isa = PBXFileReference; lastKnownFileType = sourcecode.swift; path = "UIAlertController+Windmill.swift"; sourceTree = "<group>"; };
		BDA2D14F1F0E2959004EE03D /* IntegrationTests.xctest */ = {isa = PBXFileReference; explicitFileType = wrapper.cfbundle; includeInIndex = 0; path = IntegrationTests.xctest; sourceTree = BUILT_PRODUCTS_DIR; };
		BDA2D1511F0E2959004EE03D /* AccountResourceTest.swift */ = {isa = PBXFileReference; lastKnownFileType = sourcecode.swift; path = AccountResourceTest.swift; sourceTree = "<group>"; };
		BDA2D1531F0E2959004EE03D /* Info.plist */ = {isa = PBXFileReference; lastKnownFileType = text.plist.xml; path = Info.plist; sourceTree = "<group>"; };
		BDD1E9671CDA92DB00976074 /* windmill.app */ = {isa = PBXFileReference; explicitFileType = wrapper.application; includeInIndex = 0; path = windmill.app; sourceTree = BUILT_PRODUCTS_DIR; };
		BDD1E96A1CDA92DB00976074 /* AppDelegate.swift */ = {isa = PBXFileReference; lastKnownFileType = sourcecode.swift; path = AppDelegate.swift; sourceTree = "<group>"; };
		BDD1E96C1CDA92DB00976074 /* ViewController.swift */ = {isa = PBXFileReference; lastKnownFileType = sourcecode.swift; path = ViewController.swift; sourceTree = "<group>"; };
		BDD1E96F1CDA92DB00976074 /* Base */ = {isa = PBXFileReference; lastKnownFileType = file.storyboard; name = Base; path = Base.lproj/Main.storyboard; sourceTree = "<group>"; };
		BDD1E9711CDA92DB00976074 /* Assets.xcassets */ = {isa = PBXFileReference; lastKnownFileType = folder.assetcatalog; path = Assets.xcassets; sourceTree = "<group>"; };
		BDD1E9741CDA92DB00976074 /* Base */ = {isa = PBXFileReference; lastKnownFileType = file.storyboard; name = Base; path = Base.lproj/LaunchScreen.storyboard; sourceTree = "<group>"; };
		BDD1E9761CDA92DB00976074 /* Info.plist */ = {isa = PBXFileReference; lastKnownFileType = text.plist.xml; path = Info.plist; sourceTree = "<group>"; };
		BDD1E97B1CDA92DB00976074 /* windmillTests.xctest */ = {isa = PBXFileReference; explicitFileType = wrapper.cfbundle; includeInIndex = 0; path = windmillTests.xctest; sourceTree = BUILT_PRODUCTS_DIR; };
		BDD1E97F1CDA92DB00976074 /* windmillTests.swift */ = {isa = PBXFileReference; lastKnownFileType = sourcecode.swift; path = windmillTests.swift; sourceTree = "<group>"; };
		BDD1E9811CDA92DB00976074 /* Info.plist */ = {isa = PBXFileReference; lastKnownFileType = text.plist.xml; path = Info.plist; sourceTree = "<group>"; };
/* End PBXFileReference section */

/* Begin PBXFrameworksBuildPhase section */
		BDA2D14C1F0E2959004EE03D /* Frameworks */ = {
			isa = PBXFrameworksBuildPhase;
			buildActionMask = 2147483647;
			files = (
				BDCF33A21F0E7F4000B3EA53 /* Alamofire.framework in Frameworks */,
			);
			runOnlyForDeploymentPostprocessing = 0;
		};
		BDD1E9641CDA92DB00976074 /* Frameworks */ = {
			isa = PBXFrameworksBuildPhase;
			buildActionMask = 2147483647;
			files = (
				BD4B00D11F0E30AE004025F3 /* Alamofire.framework in Frameworks */,
			);
			runOnlyForDeploymentPostprocessing = 0;
		};
		BDD1E9781CDA92DB00976074 /* Frameworks */ = {
			isa = PBXFrameworksBuildPhase;
			buildActionMask = 2147483647;
			files = (
				BDCF33A11F0E7E4100B3EA53 /* Alamofire.framework in Frameworks */,
			);
			runOnlyForDeploymentPostprocessing = 0;
		};
/* End PBXFrameworksBuildPhase section */

/* Begin PBXGroup section */
		BD13B2151F016ADD00BFC755 /* common */ = {
			isa = PBXGroup;
			children = (
				BDA2D1491F0E2791004EE03D /* UIAlertController+Windmill.swift */,
			);
			name = common;
			sourceTree = "<group>";
		};
		BD4B00CB1F0E2F76004025F3 /* Frameworks */ = {
			isa = PBXGroup;
			children = (
				BD4B00D01F0E305D004025F3 /* Alamofire.framework */,
			);
			name = Frameworks;
			sourceTree = "<group>";
		};
		BDA2D1501F0E2959004EE03D /* IntegrationTests */ = {
			isa = PBXGroup;
			children = (
				BDA2D1511F0E2959004EE03D /* AccountResourceTest.swift */,
				BDA2D1531F0E2959004EE03D /* Info.plist */,
			);
			path = IntegrationTests;
			sourceTree = "<group>";
		};
		BDD1E95E1CDA92DB00976074 = {
			isa = PBXGroup;
			children = (
				BDD1E9691CDA92DB00976074 /* windmill */,
				BDD1E97E1CDA92DB00976074 /* windmillTests */,
				BDA2D1501F0E2959004EE03D /* IntegrationTests */,
				BDD1E9681CDA92DB00976074 /* Products */,
				BD4B00CB1F0E2F76004025F3 /* Frameworks */,
			);
			sourceTree = "<group>";
		};
		BDD1E9681CDA92DB00976074 /* Products */ = {
			isa = PBXGroup;
			children = (
				BDD1E9671CDA92DB00976074 /* windmill.app */,
				BDD1E97B1CDA92DB00976074 /* windmillTests.xctest */,
				BDA2D14F1F0E2959004EE03D /* IntegrationTests.xctest */,
			);
			name = Products;
			sourceTree = "<group>";
		};
		BDD1E9691CDA92DB00976074 /* windmill */ = {
			isa = PBXGroup;
			children = (
				BD13B2151F016ADD00BFC755 /* common */,
				BD18F4B61DBF60AE00CD596B /* windmill.entitlements */,
				BDD1E96A1CDA92DB00976074 /* AppDelegate.swift */,
				BDD1E96C1CDA92DB00976074 /* ViewController.swift */,
				BDD1E96E1CDA92DB00976074 /* Main.storyboard */,
				BDD1E9711CDA92DB00976074 /* Assets.xcassets */,
				BDD1E9731CDA92DB00976074 /* LaunchScreen.storyboard */,
				BDD1E9761CDA92DB00976074 /* Info.plist */,
				BD52291E1CFB25D30069C831 /* Windmill.swift */,
				BD5229221CFB26AC0069C831 /* WindmillTableViewDataSource.swift */,
				BD5229241CFB26DF0069C831 /* WindmillTableViewCell.xib */,
				BD5229261CFB27A50069C831 /* WindmillTableViewCell.swift */,
				BD5229281CFB4B1D0069C831 /* AccountResource.swift */,
				BD0FEBA01CFC3400005AC9F0 /* WindmillTextView.swift */,
				BD18F4B71DC0B03A00CD596B /* LoginViewController.swift */,
				BD20D5341DC78E1E0016C891 /* WindmillTableViewDelegate.swift */,
				BDA2D1471F0E26A1004EE03D /* Device.swift */,
			);
			path = windmill;
			sourceTree = "<group>";
		};
		BDD1E97E1CDA92DB00976074 /* windmillTests */ = {
			isa = PBXGroup;
			children = (
				BDD1E97F1CDA92DB00976074 /* windmillTests.swift */,
				BDD1E9811CDA92DB00976074 /* Info.plist */,
			);
			path = windmillTests;
			sourceTree = "<group>";
		};
/* End PBXGroup section */

/* Begin PBXNativeTarget section */
		BDA2D14E1F0E2959004EE03D /* IntegrationTests */ = {
			isa = PBXNativeTarget;
			buildConfigurationList = BDA2D1561F0E2959004EE03D /* Build configuration list for PBXNativeTarget "IntegrationTests" */;
			buildPhases = (
				BDA2D14B1F0E2959004EE03D /* Sources */,
				BDA2D14C1F0E2959004EE03D /* Frameworks */,
				BDA2D14D1F0E2959004EE03D /* Resources */,
			);
			buildRules = (
			);
			dependencies = (
				BDA2D1551F0E2959004EE03D /* PBXTargetDependency */,
			);
			name = IntegrationTests;
			productName = IntegrationTests;
			productReference = BDA2D14F1F0E2959004EE03D /* IntegrationTests.xctest */;
			productType = "com.apple.product-type.bundle.unit-test";
		};
		BDD1E9661CDA92DB00976074 /* windmill */ = {
			isa = PBXNativeTarget;
			buildConfigurationList = BDD1E9841CDA92DB00976074 /* Build configuration list for PBXNativeTarget "windmill" */;
			buildPhases = (
				BDD1E9631CDA92DB00976074 /* Sources */,
				BDD1E9641CDA92DB00976074 /* Frameworks */,
				BDD1E9651CDA92DB00976074 /* Resources */,
				BD4B00CF1F0E300D004025F3 /* ShellScript */,
			);
			buildRules = (
			);
			dependencies = (
			);
			name = windmill;
			productName = windmill;
			productReference = BDD1E9671CDA92DB00976074 /* windmill.app */;
			productType = "com.apple.product-type.application";
		};
		BDD1E97A1CDA92DB00976074 /* windmillTests */ = {
			isa = PBXNativeTarget;
			buildConfigurationList = BDD1E9871CDA92DB00976074 /* Build configuration list for PBXNativeTarget "windmillTests" */;
			buildPhases = (
				BDD1E9771CDA92DB00976074 /* Sources */,
				BDD1E9781CDA92DB00976074 /* Frameworks */,
				BDD1E9791CDA92DB00976074 /* Resources */,
			);
			buildRules = (
			);
			dependencies = (
				BDD1E97D1CDA92DB00976074 /* PBXTargetDependency */,
			);
			name = windmillTests;
			productName = windmillTests;
			productReference = BDD1E97B1CDA92DB00976074 /* windmillTests.xctest */;
			productType = "com.apple.product-type.bundle.unit-test";
		};
/* End PBXNativeTarget section */

/* Begin PBXProject section */
		BDD1E95F1CDA92DB00976074 /* Project object */ = {
			isa = PBXProject;
			attributes = {
				LastSwiftUpdateCheck = 0900;
				LastUpgradeCheck = 0900;
				ORGANIZATIONNAME = Windmill;
				TargetAttributes = {
					BDA2D14E1F0E2959004EE03D = {
						CreatedOnToolsVersion = 9.0;
						TestTargetID = BDD1E9661CDA92DB00976074;
					};
					BDD1E9661CDA92DB00976074 = {
						CreatedOnToolsVersion = 7.2.1;
						DevelopmentTeam = AQ2US2UQQ7;
						LastSwiftMigration = 0830;
						ProvisioningStyle = Automatic;
						SystemCapabilities = {
							com.apple.BackgroundModes = {
								enabled = 1;
							};
							com.apple.Push = {
								enabled = 1;
							};
						};
					};
					BDD1E97A1CDA92DB00976074 = {
						CreatedOnToolsVersion = 7.2.1;
						LastSwiftMigration = 0830;
						ProvisioningStyle = Automatic;
						TestTargetID = BDD1E9661CDA92DB00976074;
					};
				};
			};
			buildConfigurationList = BDD1E9621CDA92DB00976074 /* Build configuration list for PBXProject "windmill" */;
			compatibilityVersion = "Xcode 3.2";
			developmentRegion = English;
			hasScannedForEncodings = 0;
			knownRegions = (
				en,
				Base,
			);
			mainGroup = BDD1E95E1CDA92DB00976074;
			productRefGroup = BDD1E9681CDA92DB00976074 /* Products */;
			projectDirPath = "";
			projectRoot = "";
			targets = (
				BDD1E9661CDA92DB00976074 /* windmill */,
				BDD1E97A1CDA92DB00976074 /* windmillTests */,
				BDA2D14E1F0E2959004EE03D /* IntegrationTests */,
			);
		};
/* End PBXProject section */

/* Begin PBXResourcesBuildPhase section */
		BDA2D14D1F0E2959004EE03D /* Resources */ = {
			isa = PBXResourcesBuildPhase;
			buildActionMask = 2147483647;
			files = (
			);
			runOnlyForDeploymentPostprocessing = 0;
		};
		BDD1E9651CDA92DB00976074 /* Resources */ = {
			isa = PBXResourcesBuildPhase;
			buildActionMask = 2147483647;
			files = (
				BDD1E9751CDA92DB00976074 /* LaunchScreen.storyboard in Resources */,
				BD5229251CFB26DF0069C831 /* WindmillTableViewCell.xib in Resources */,
				BDD1E9721CDA92DB00976074 /* Assets.xcassets in Resources */,
				BDD1E9701CDA92DB00976074 /* Main.storyboard in Resources */,
			);
			runOnlyForDeploymentPostprocessing = 0;
		};
		BDD1E9791CDA92DB00976074 /* Resources */ = {
			isa = PBXResourcesBuildPhase;
			buildActionMask = 2147483647;
			files = (
			);
			runOnlyForDeploymentPostprocessing = 0;
		};
/* End PBXResourcesBuildPhase section */

/* Begin PBXShellScriptBuildPhase section */
		BD4B00CF1F0E300D004025F3 /* ShellScript */ = {
			isa = PBXShellScriptBuildPhase;
			buildActionMask = 2147483647;
			files = (
			);
			inputPaths = (
				"$(SRCROOT)/Carthage/Build/iOS/Alamofire.framework",
			);
			outputPaths = (
				"$(BUILT_PRODUCTS_DIR)/$(FRAMEWORKS_FOLDER_PATH)/Alamofire.framework",
			);
			runOnlyForDeploymentPostprocessing = 0;
			shellPath = /bin/sh;
			shellScript = "/usr/local/bin/carthage copy-frameworks";
		};
/* End PBXShellScriptBuildPhase section */

/* Begin PBXSourcesBuildPhase section */
		BDA2D14B1F0E2959004EE03D /* Sources */ = {
			isa = PBXSourcesBuildPhase;
			buildActionMask = 2147483647;
			files = (
				BDA2D1521F0E2959004EE03D /* AccountResourceTest.swift in Sources */,
			);
			runOnlyForDeploymentPostprocessing = 0;
		};
		BDD1E9631CDA92DB00976074 /* Sources */ = {
			isa = PBXSourcesBuildPhase;
			buildActionMask = 2147483647;
			files = (
				BD0FEBA11CFC3400005AC9F0 /* WindmillTextView.swift in Sources */,
				BDD1E96D1CDA92DB00976074 /* ViewController.swift in Sources */,
				BDA2D14A1F0E2791004EE03D /* UIAlertController+Windmill.swift in Sources */,
				BD5229291CFB4B1D0069C831 /* AccountResource.swift in Sources */,
				BD5229271CFB27A50069C831 /* WindmillTableViewCell.swift in Sources */,
				BD18F4B81DC0B03A00CD596B /* LoginViewController.swift in Sources */,
				BD52291F1CFB25D30069C831 /* Windmill.swift in Sources */,
				BD5229231CFB26AC0069C831 /* WindmillTableViewDataSource.swift in Sources */,
				BD20D5351DC78E1E0016C891 /* WindmillTableViewDelegate.swift in Sources */,
				BDD1E96B1CDA92DB00976074 /* AppDelegate.swift in Sources */,
				BDA2D1481F0E26A1004EE03D /* Device.swift in Sources */,
			);
			runOnlyForDeploymentPostprocessing = 0;
		};
		BDD1E9771CDA92DB00976074 /* Sources */ = {
			isa = PBXSourcesBuildPhase;
			buildActionMask = 2147483647;
			files = (
				BDD1E9801CDA92DB00976074 /* windmillTests.swift in Sources */,
			);
			runOnlyForDeploymentPostprocessing = 0;
		};
/* End PBXSourcesBuildPhase section */

/* Begin PBXTargetDependency section */
		BDA2D1551F0E2959004EE03D /* PBXTargetDependency */ = {
			isa = PBXTargetDependency;
			target = BDD1E9661CDA92DB00976074 /* windmill */;
			targetProxy = BDA2D1541F0E2959004EE03D /* PBXContainerItemProxy */;
		};
		BDD1E97D1CDA92DB00976074 /* PBXTargetDependency */ = {
			isa = PBXTargetDependency;
			target = BDD1E9661CDA92DB00976074 /* windmill */;
			targetProxy = BDD1E97C1CDA92DB00976074 /* PBXContainerItemProxy */;
		};
/* End PBXTargetDependency section */

/* Begin PBXVariantGroup section */
		BDD1E96E1CDA92DB00976074 /* Main.storyboard */ = {
			isa = PBXVariantGroup;
			children = (
				BDD1E96F1CDA92DB00976074 /* Base */,
			);
			name = Main.storyboard;
			sourceTree = "<group>";
		};
		BDD1E9731CDA92DB00976074 /* LaunchScreen.storyboard */ = {
			isa = PBXVariantGroup;
			children = (
				BDD1E9741CDA92DB00976074 /* Base */,
			);
			name = LaunchScreen.storyboard;
			sourceTree = "<group>";
		};
/* End PBXVariantGroup section */

/* Begin XCBuildConfiguration section */
		BDA2D1571F0E2959004EE03D /* Debug */ = {
			isa = XCBuildConfiguration;
			buildSettings = {
				BUNDLE_LOADER = "$(TEST_HOST)";
				CLANG_ANALYZER_NONNULL = YES;
				CLANG_ANALYZER_NUMBER_OBJECT_CONVERSION = YES_AGGRESSIVE;
				CLANG_CXX_LANGUAGE_STANDARD = "gnu++14";
				CLANG_WARN_DOCUMENTATION_COMMENTS = YES;
				CLANG_WARN_UNGUARDED_AVAILABILITY = YES_AGGRESSIVE;
				FRAMEWORK_SEARCH_PATHS = (
					"$(inherited)",
					"$(PROJECT_DIR)/Carthage/Build/iOS",
				);
				GCC_C_LANGUAGE_STANDARD = gnu11;
				INFOPLIST_FILE = IntegrationTests/Info.plist;
				IPHONEOS_DEPLOYMENT_TARGET = 11.0;
				LD_RUNPATH_SEARCH_PATHS = "$(inherited) @executable_path/Frameworks @loader_path/Frameworks";
				PRODUCT_BUNDLE_IDENTIFIER = com.qnoid.IntegrationTests;
				PRODUCT_NAME = "$(TARGET_NAME)";
				SWIFT_ACTIVE_COMPILATION_CONDITIONS = DEBUG;
				SWIFT_VERSION = 4.0;
				TARGETED_DEVICE_FAMILY = "1,2";
				TEST_HOST = "$(BUILT_PRODUCTS_DIR)/windmill.app/windmill";
			};
			name = Debug;
		};
		BDA2D1581F0E2959004EE03D /* Release */ = {
			isa = XCBuildConfiguration;
			buildSettings = {
				BUNDLE_LOADER = "$(TEST_HOST)";
				CLANG_ANALYZER_NONNULL = YES;
				CLANG_ANALYZER_NUMBER_OBJECT_CONVERSION = YES_AGGRESSIVE;
				CLANG_CXX_LANGUAGE_STANDARD = "gnu++14";
				CLANG_WARN_DOCUMENTATION_COMMENTS = YES;
				CLANG_WARN_UNGUARDED_AVAILABILITY = YES_AGGRESSIVE;
				CODE_SIGN_IDENTITY = "iPhone Developer";
				FRAMEWORK_SEARCH_PATHS = (
					"$(inherited)",
					"$(PROJECT_DIR)/Carthage/Build/iOS",
				);
				GCC_C_LANGUAGE_STANDARD = gnu11;
				INFOPLIST_FILE = IntegrationTests/Info.plist;
				IPHONEOS_DEPLOYMENT_TARGET = 11.0;
				LD_RUNPATH_SEARCH_PATHS = "$(inherited) @executable_path/Frameworks @loader_path/Frameworks";
				PRODUCT_BUNDLE_IDENTIFIER = com.qnoid.IntegrationTests;
				PRODUCT_NAME = "$(TARGET_NAME)";
				SWIFT_OPTIMIZATION_LEVEL = "-Owholemodule";
				SWIFT_VERSION = 4.0;
				TARGETED_DEVICE_FAMILY = "1,2";
				TEST_HOST = "$(BUILT_PRODUCTS_DIR)/windmill.app/windmill";
			};
			name = Release;
		};
		BDD1E9821CDA92DB00976074 /* Debug */ = {
			isa = XCBuildConfiguration;
			buildSettings = {
				ALWAYS_SEARCH_USER_PATHS = NO;
				CLANG_CXX_LANGUAGE_STANDARD = "gnu++0x";
				CLANG_CXX_LIBRARY = "libc++";
				CLANG_ENABLE_MODULES = YES;
				CLANG_ENABLE_OBJC_ARC = YES;
				CLANG_WARN_BLOCK_CAPTURE_AUTORELEASING = YES;
				CLANG_WARN_BOOL_CONVERSION = YES;
				CLANG_WARN_COMMA = YES;
				CLANG_WARN_CONSTANT_CONVERSION = YES;
				CLANG_WARN_DIRECT_OBJC_ISA_USAGE = YES_ERROR;
				CLANG_WARN_EMPTY_BODY = YES;
				CLANG_WARN_ENUM_CONVERSION = YES;
				CLANG_WARN_INFINITE_RECURSION = YES;
				CLANG_WARN_INT_CONVERSION = YES;
				CLANG_WARN_NON_LITERAL_NULL_CONVERSION = YES;
				CLANG_WARN_OBJC_LITERAL_CONVERSION = YES;
				CLANG_WARN_OBJC_ROOT_CLASS = YES_ERROR;
				CLANG_WARN_RANGE_LOOP_ANALYSIS = YES;
				CLANG_WARN_STRICT_PROTOTYPES = YES;
				CLANG_WARN_SUSPICIOUS_MOVE = YES;
				CLANG_WARN_UNREACHABLE_CODE = YES;
				CLANG_WARN__DUPLICATE_METHOD_MATCH = YES;
				CODE_SIGN_IDENTITY = "iPhone Developer";
				COPY_PHASE_STRIP = NO;
				DEBUG_INFORMATION_FORMAT = dwarf;
				ENABLE_STRICT_OBJC_MSGSEND = YES;
				ENABLE_TESTABILITY = YES;
				GCC_C_LANGUAGE_STANDARD = gnu99;
				GCC_DYNAMIC_NO_PIC = NO;
				GCC_NO_COMMON_BLOCKS = YES;
				GCC_OPTIMIZATION_LEVEL = 0;
				GCC_PREPROCESSOR_DEFINITIONS = (
					"DEBUG=1",
					"$(inherited)",
				);
				GCC_WARN_64_TO_32_BIT_CONVERSION = YES;
				GCC_WARN_ABOUT_RETURN_TYPE = YES_ERROR;
				GCC_WARN_UNDECLARED_SELECTOR = YES;
				GCC_WARN_UNINITIALIZED_AUTOS = YES_AGGRESSIVE;
				GCC_WARN_UNUSED_FUNCTION = YES;
				GCC_WARN_UNUSED_VARIABLE = YES;
				IPHONEOS_DEPLOYMENT_TARGET = 10.3;
				LD_RUNPATH_SEARCH_PATHS = "$(inherited) '@executable_path/Frameworks' '@loader_path/Frameworks'";
				MTL_ENABLE_DEBUG_INFO = YES;
				ONLY_ACTIVE_ARCH = YES;
				OTHER_SWIFT_FLAGS = "-D DEBUG";
				SDKROOT = iphoneos;
				SWIFT_OPTIMIZATION_LEVEL = "-Onone";
				SWIFT_VERSION = 3.0;
			};
			name = Debug;
		};
		BDD1E9831CDA92DB00976074 /* Release */ = {
			isa = XCBuildConfiguration;
			buildSettings = {
				ALWAYS_SEARCH_USER_PATHS = NO;
				CLANG_CXX_LANGUAGE_STANDARD = "gnu++0x";
				CLANG_CXX_LIBRARY = "libc++";
				CLANG_ENABLE_MODULES = YES;
				CLANG_ENABLE_OBJC_ARC = YES;
				CLANG_WARN_BLOCK_CAPTURE_AUTORELEASING = YES;
				CLANG_WARN_BOOL_CONVERSION = YES;
				CLANG_WARN_COMMA = YES;
				CLANG_WARN_CONSTANT_CONVERSION = YES;
				CLANG_WARN_DIRECT_OBJC_ISA_USAGE = YES_ERROR;
				CLANG_WARN_EMPTY_BODY = YES;
				CLANG_WARN_ENUM_CONVERSION = YES;
				CLANG_WARN_INFINITE_RECURSION = YES;
				CLANG_WARN_INT_CONVERSION = YES;
				CLANG_WARN_NON_LITERAL_NULL_CONVERSION = YES;
				CLANG_WARN_OBJC_LITERAL_CONVERSION = YES;
				CLANG_WARN_OBJC_ROOT_CLASS = YES_ERROR;
				CLANG_WARN_RANGE_LOOP_ANALYSIS = YES;
				CLANG_WARN_STRICT_PROTOTYPES = YES;
				CLANG_WARN_SUSPICIOUS_MOVE = YES;
				CLANG_WARN_UNREACHABLE_CODE = YES;
				CLANG_WARN__DUPLICATE_METHOD_MATCH = YES;
				CODE_SIGN_IDENTITY = "iPhone Distribution";
				COPY_PHASE_STRIP = NO;
				DEBUG_INFORMATION_FORMAT = "dwarf-with-dsym";
				ENABLE_NS_ASSERTIONS = NO;
				ENABLE_STRICT_OBJC_MSGSEND = YES;
				GCC_C_LANGUAGE_STANDARD = gnu99;
				GCC_NO_COMMON_BLOCKS = YES;
				GCC_WARN_64_TO_32_BIT_CONVERSION = YES;
				GCC_WARN_ABOUT_RETURN_TYPE = YES_ERROR;
				GCC_WARN_UNDECLARED_SELECTOR = YES;
				GCC_WARN_UNINITIALIZED_AUTOS = YES_AGGRESSIVE;
				GCC_WARN_UNUSED_FUNCTION = YES;
				GCC_WARN_UNUSED_VARIABLE = YES;
				IPHONEOS_DEPLOYMENT_TARGET = 10.3;
				LD_RUNPATH_SEARCH_PATHS = "$(inherited) '@executable_path/Frameworks' '@loader_path/Frameworks'";
				MTL_ENABLE_DEBUG_INFO = NO;
				SDKROOT = iphoneos;
				SWIFT_VERSION = 3.0;
				VALIDATE_PRODUCT = YES;
			};
			name = Release;
		};
		BDD1E9851CDA92DB00976074 /* Debug */ = {
			isa = XCBuildConfiguration;
			buildSettings = {
				ASSETCATALOG_COMPILER_APPICON_NAME = AppIcon;
				CODE_SIGN_ENTITLEMENTS = windmill/windmill.entitlements;
				"CODE_SIGN_IDENTITY[sdk=iphoneos*]" = "iPhone Developer";
				CODE_SIGN_STYLE = Automatic;
				DEVELOPMENT_TEAM = "";
				FRAMEWORK_SEARCH_PATHS = (
					"$(inherited)",
					"$(PROJECT_DIR)/Carthage/Build/iOS",
				);
				INFOPLIST_FILE = windmill/Info.plist;
				PRODUCT_BUNDLE_IDENTIFIER = io.windmill.windmill;
				PRODUCT_NAME = "$(TARGET_NAME)";
				PROVISIONING_PROFILE = "";
				PROVISIONING_PROFILE_SPECIFIER = "";
				SWIFT_VERSION = 3.0;
			};
			name = Debug;
		};
		BDD1E9861CDA92DB00976074 /* Release */ = {
			isa = XCBuildConfiguration;
			buildSettings = {
				ASSETCATALOG_COMPILER_APPICON_NAME = AppIcon;
				CODE_SIGN_ENTITLEMENTS = windmill/windmill.entitlements;
				"CODE_SIGN_IDENTITY[sdk=iphoneos*]" = "iPhone Developer";
				CODE_SIGN_STYLE = Automatic;
				DEVELOPMENT_TEAM = "";
				FRAMEWORK_SEARCH_PATHS = (
					"$(inherited)",
					"$(PROJECT_DIR)/Carthage/Build/iOS",
				);
				INFOPLIST_FILE = windmill/Info.plist;
				PRODUCT_BUNDLE_IDENTIFIER = io.windmill.windmill;
				PRODUCT_NAME = "$(TARGET_NAME)";
				PROVISIONING_PROFILE = "";
				PROVISIONING_PROFILE_SPECIFIER = "";
				SWIFT_OPTIMIZATION_LEVEL = "-Owholemodule";
				SWIFT_VERSION = 3.0;
			};
			name = Release;
		};
		BDD1E9881CDA92DB00976074 /* Debug */ = {
			isa = XCBuildConfiguration;
			buildSettings = {
				BUNDLE_LOADER = "$(TEST_HOST)";
				"CODE_SIGN_IDENTITY[sdk=iphoneos*]" = "iPhone Developer";
				CODE_SIGN_STYLE = Automatic;
				DEVELOPMENT_TEAM = "";
				FRAMEWORK_SEARCH_PATHS = (
					"$(inherited)",
					"$(PROJECT_DIR)/Carthage/Build/iOS",
				);
				INFOPLIST_FILE = windmillTests/Info.plist;
				LD_RUNPATH_SEARCH_PATHS = "$(inherited) @executable_path/Frameworks @loader_path/Frameworks";
				PRODUCT_BUNDLE_IDENTIFIER = io.windmill.windmillTests;
				PRODUCT_NAME = "$(TARGET_NAME)";
				PROVISIONING_PROFILE_SPECIFIER = "";
				SWIFT_VERSION = 3.0;
				TEST_HOST = "$(BUILT_PRODUCTS_DIR)/windmill.app/windmill";
			};
			name = Debug;
		};
		BDD1E9891CDA92DB00976074 /* Release */ = {
			isa = XCBuildConfiguration;
			buildSettings = {
				BUNDLE_LOADER = "$(TEST_HOST)";
				"CODE_SIGN_IDENTITY[sdk=iphoneos*]" = "iPhone Developer";
				CODE_SIGN_STYLE = Automatic;
				DEVELOPMENT_TEAM = "";
				FRAMEWORK_SEARCH_PATHS = (
					"$(inherited)",
					"$(PROJECT_DIR)/Carthage/Build/iOS",
				);
				INFOPLIST_FILE = windmillTests/Info.plist;
				LD_RUNPATH_SEARCH_PATHS = "$(inherited) @executable_path/Frameworks @loader_path/Frameworks";
				PRODUCT_BUNDLE_IDENTIFIER = io.windmill.windmillTests;
				PRODUCT_NAME = "$(TARGET_NAME)";
				PROVISIONING_PROFILE_SPECIFIER = "";
				SWIFT_OPTIMIZATION_LEVEL = "-Owholemodule";
				SWIFT_VERSION = 3.0;
				TEST_HOST = "$(BUILT_PRODUCTS_DIR)/windmill.app/windmill";
			};
			name = Release;
		};
/* End XCBuildConfiguration section */

/* Begin XCConfigurationList section */
		BDA2D1561F0E2959004EE03D /* Build configuration list for PBXNativeTarget "IntegrationTests" */ = {
			isa = XCConfigurationList;
			buildConfigurations = (
				BDA2D1571F0E2959004EE03D /* Debug */,
				BDA2D1581F0E2959004EE03D /* Release */,
			);
			defaultConfigurationIsVisible = 0;
			defaultConfigurationName = Release;
		};
		BDD1E9621CDA92DB00976074 /* Build configuration list for PBXProject "windmill" */ = {
			isa = XCConfigurationList;
			buildConfigurations = (
				BDD1E9821CDA92DB00976074 /* Debug */,
				BDD1E9831CDA92DB00976074 /* Release */,
			);
			defaultConfigurationIsVisible = 0;
			defaultConfigurationName = Release;
		};
		BDD1E9841CDA92DB00976074 /* Build configuration list for PBXNativeTarget "windmill" */ = {
			isa = XCConfigurationList;
			buildConfigurations = (
				BDD1E9851CDA92DB00976074 /* Debug */,
				BDD1E9861CDA92DB00976074 /* Release */,
			);
			defaultConfigurationIsVisible = 0;
			defaultConfigurationName = Release;
		};
		BDD1E9871CDA92DB00976074 /* Build configuration list for PBXNativeTarget "windmillTests" */ = {
			isa = XCConfigurationList;
			buildConfigurations = (
				BDD1E9881CDA92DB00976074 /* Debug */,
				BDD1E9891CDA92DB00976074 /* Release */,
			);
			defaultConfigurationIsVisible = 0;
			defaultConfigurationName = Release;
		};
/* End XCConfigurationList section */
	};
	rootObject = BDD1E95F1CDA92DB00976074 /* Project object */;
}
